
Microsoft Visual Studio Solution File, Format Version 12.00
# Visual Studio Version 17
VisualStudioVersion = 17.11.35312.102
MinimumVisualStudioVersion = 10.0.40219.1
Project("{9A19103F-16F7-4668-BE54-9A1E7A4F7556}") = "ConsoleApp102", "ConsoleApp102\ConsoleApp102.csproj", "{212A3178-CE36-456C-B9CC-9DD06C03F787}"
EndProject
Project("{FAE04EC0-301F-11D3-BF4B-00C04F79EFBC}") = "ClassLibrary1", "ClassLibrary1\ClassLibrary1.csproj", "{7035A1B4-A676-4CEB-91B9-844114641237}"
EndProject
Global
	GlobalSection(SolutionConfigurationPlatforms) = preSolution
		Debug|Any CPU = Debug|Any CPU
		Release|Any CPU = Release|Any CPU
	EndGlobalSection
	GlobalSection(ProjectConfigurationPlatforms) = postSolution
		{212A3178-CE36-456C-B9CC-9DD06C03F787}.Debug|Any CPU.ActiveCfg = Debug|Any CPU
		{212A3178-CE36-456C-B9CC-9DD06C03F787}.Debug|Any CPU.Build.0 = Debug|Any CPU
		{212A3178-CE36-456C-B9CC-9DD06C03F787}.Release|Any CPU.ActiveCfg = Release|Any CPU
		{212A3178-CE36-456C-B9CC-9DD06C03F787}.Release|Any CPU.Build.0 = Release|Any CPU
		{7035A1B4-A676-4CEB-91B9-844114641237}.Debug|Any CPU.ActiveCfg = Debug|Any CPU
		{7035A1B4-A676-4CEB-91B9-844114641237}.Debug|Any CPU.Build.0 = Debug|Any CPU
		{7035A1B4-A676-4CEB-91B9-844114641237}.Release|Any CPU.ActiveCfg = Release|Any CPU
		{7035A1B4-A676-4CEB-91B9-844114641237}.Release|Any CPU.Build.0 = Release|Any CPU
	EndGlobalSection
	GlobalSection(SolutionProperties) = preSolution
		HideSolutionNode = FALSE
	EndGlobalSection
	GlobalSection(ExtensibilityGlobals) = postSolution
		SolutionGuid = {C56AEC3F-3E0F-44E2-B5E3-FB5002CD0FCE}
	EndGlobalSection
EndGlobal
