
Microsoft Visual Studio Solution File, Format Version 12.00
# Visual Studio Version 17
VisualStudioVersion = 17.7.34202.233
MinimumVisualStudioVersion = 10.0.40219.1
Project("{FAE04EC0-301F-11D3-BF4B-00C04F79EFBC}") = "ConsoleApp4", "ConsoleApp4\ConsoleApp4.csproj", "{9CB44519-7DB2-4D7E-A8AC-C1919EAED2FB}"
EndProject
Global
	GlobalSection(SolutionConfigurationPlatforms) = preSolution
		Debug|Any CPU = Debug|Any CPU
		Release|Any CPU = Release|Any CPU
	EndGlobalSection
	GlobalSection(ProjectConfigurationPlatforms) = postSolution
		{9CB44519-7DB2-4D7E-A8AC-C1919EAED2FB}.Debug|Any CPU.ActiveCfg = Debug|Any CPU
		{9CB44519-7DB2-4D7E-A8AC-C1919EAED2FB}.Debug|Any CPU.Build.0 = Debug|Any CPU
		{9CB44519-7DB2-4D7E-A8AC-C1919EAED2FB}.Release|Any CPU.ActiveCfg = Release|Any CPU
		{9CB44519-7DB2-4D7E-A8AC-C1919EAED2FB}.Release|Any CPU.Build.0 = Release|Any CPU
	EndGlobalSection
	GlobalSection(SolutionProperties) = preSolution
		HideSolutionNode = FALSE
	EndGlobalSection
	GlobalSection(ExtensibilityGlobals) = postSolution
		SolutionGuid = {20B1C97F-9617-4FB8-BF16-CCD2C1E5DBB4}
	EndGlobalSection
EndGlobal
